// !$*UTF8*$!
{
	archiveVersion = 1;
	classes = {
	};
	objectVersion = 56;
	objects = {

/* Begin PBXBuildFile section */
		0335912C2C06FEC300A92660 /* AppDelegate.swift in Sources */ = {isa = PBXBuildFile; fileRef = 0335912B2C06FEC300A92660 /* AppDelegate.swift */; };
		0335912E2C06FEC300A92660 /* GameScene.sks in Resources */ = {isa = PBXBuildFile; fileRef = 0335912D2C06FEC300A92660 /* GameScene.sks */; };
		033591302C06FEC300A92660 /* Actions.sks in Resources */ = {isa = PBXBuildFile; fileRef = 0335912F2C06FEC300A92660 /* Actions.sks */; };
		033591322C06FEC300A92660 /* GameScene.swift in Sources */ = {isa = PBXBuildFile; fileRef = 033591312C06FEC300A92660 /* GameScene.swift */; };
		033591342C06FEC300A92660 /* GameViewController.swift in Sources */ = {isa = PBXBuildFile; fileRef = 033591332C06FEC300A92660 /* GameViewController.swift */; };
		033591372C06FEC300A92660 /* Base in Resources */ = {isa = PBXBuildFile; fileRef = 033591362C06FEC300A92660 /* Base */; };
		033591392C06FEC400A92660 /* Assets.xcassets in Resources */ = {isa = PBXBuildFile; fileRef = 033591382C06FEC400A92660 /* Assets.xcassets */; };
		0335913C2C06FEC400A92660 /* Base in Resources */ = {isa = PBXBuildFile; fileRef = 0335913B2C06FEC400A92660 /* Base */; };
		03DA1DDA2C07714F0038A581 /* Types.swift in Sources */ = {isa = PBXBuildFile; fileRef = 03DA1DD92C07714F0038A581 /* Types.swift */; };
		03DA1DDD2C0771C80038A581 /* Player.swift in Sources */ = {isa = PBXBuildFile; fileRef = 03DA1DDC2C0771C80038A581 /* Player.swift */; };
/* End PBXBuildFile section */

/* Begin PBXFileReference section */
		033591282C06FEC300A92660 /* GameJam.app */ = {isa = PBXFileReference; explicitFileType = wrapper.application; includeInIndex = 0; path = GameJam.app; sourceTree = BUILT_PRODUCTS_DIR; };
		0335912B2C06FEC300A92660 /* AppDelegate.swift */ = {isa = PBXFileReference; lastKnownFileType = sourcecode.swift; path = AppDelegate.swift; sourceTree = "<group>"; };
		0335912D2C06FEC300A92660 /* GameScene.sks */ = {isa = PBXFileReference; lastKnownFileType = file.sks; path = GameScene.sks; sourceTree = "<group>"; };
		0335912F2C06FEC300A92660 /* Actions.sks */ = {isa = PBXFileReference; lastKnownFileType = file.sks; path = Actions.sks; sourceTree = "<group>"; };
		033591312C06FEC300A92660 /* GameScene.swift */ = {isa = PBXFileReference; lastKnownFileType = sourcecode.swift; path = GameScene.swift; sourceTree = "<group>"; };
		033591332C06FEC300A92660 /* GameViewController.swift */ = {isa = PBXFileReference; lastKnownFileType = sourcecode.swift; path = GameViewController.swift; sourceTree = "<group>"; };
		033591362C06FEC300A92660 /* Base */ = {isa = PBXFileReference; lastKnownFileType = file.storyboard; name = Base; path = Base.lproj/Main.storyboard; sourceTree = "<group>"; };
		033591382C06FEC400A92660 /* Assets.xcassets */ = {isa = PBXFileReference; lastKnownFileType = folder.assetcatalog; path = Assets.xcassets; sourceTree = "<group>"; };
		0335913B2C06FEC400A92660 /* Base */ = {isa = PBXFileReference; lastKnownFileType = file.storyboard; name = Base; path = Base.lproj/LaunchScreen.storyboard; sourceTree = "<group>"; };
		03DA1DD92C07714F0038A581 /* Types.swift */ = {isa = PBXFileReference; lastKnownFileType = sourcecode.swift; path = Types.swift; sourceTree = "<group>"; };
		03DA1DDC2C0771C80038A581 /* Player.swift */ = {isa = PBXFileReference; lastKnownFileType = sourcecode.swift; path = Player.swift; sourceTree = "<group>"; };
/* End PBXFileReference section */

/* Begin PBXFrameworksBuildPhase section */
		033591252C06FEC300A92660 /* Frameworks */ = {
			isa = PBXFrameworksBuildPhase;
			buildActionMask = 2147483647;
			files = (
			);
			runOnlyForDeploymentPostprocessing = 0;
		};
/* End PBXFrameworksBuildPhase section */

/* Begin PBXGroup section */
		0335911F2C06FEC300A92660 = {
			isa = PBXGroup;
			children = (
				03DA1DDB2C0771B30038A581 /* Characters */,
				03DA1DD82C0771430038A581 /* Types */,
				0335912A2C06FEC300A92660 /* GameJam */,
				033591292C06FEC300A92660 /* Products */,
			);
			sourceTree = "<group>";
		};
		033591292C06FEC300A92660 /* Products */ = {
			isa = PBXGroup;
			children = (
				033591282C06FEC300A92660 /* GameJam.app */,
			);
			name = Products;
			sourceTree = "<group>";
		};
		0335912A2C06FEC300A92660 /* GameJam */ = {
			isa = PBXGroup;
			children = (
				0335912B2C06FEC300A92660 /* AppDelegate.swift */,
				0335912D2C06FEC300A92660 /* GameScene.sks */,
				0335912F2C06FEC300A92660 /* Actions.sks */,
				03DA1DD72C06FFCE0038A581 /* Scenes */,
				03DA1DD62C06FFC50038A581 /* Controllers */,
				03DA1DD42C06FF850038A581 /* Resources */,
			);
			path = GameJam;
			sourceTree = "<group>";
		};
		03DA1DD42C06FF850038A581 /* Resources */ = {
			isa = PBXGroup;
			children = (
				033591352C06FEC300A92660 /* Main.storyboard */,
				033591382C06FEC400A92660 /* Assets.xcassets */,
				0335913A2C06FEC400A92660 /* LaunchScreen.storyboard */,
			);
			path = Resources;
			sourceTree = "<group>";
		};
		03DA1DD62C06FFC50038A581 /* Controllers */ = {
			isa = PBXGroup;
			children = (
				033591332C06FEC300A92660 /* GameViewController.swift */,
			);
			path = Controllers;
			sourceTree = "<group>";
		};
		03DA1DD72C06FFCE0038A581 /* Scenes */ = {
			isa = PBXGroup;
			children = (
				033591312C06FEC300A92660 /* GameScene.swift */,
			);
			path = Scenes;
			sourceTree = "<group>";
		};
		03DA1DD82C0771430038A581 /* Types */ = {
			isa = PBXGroup;
			children = (
				03DA1DD92C07714F0038A581 /* Types.swift */,
			);
			path = Types;
			sourceTree = "<group>";
		};
		03DA1DDB2C0771B30038A581 /* Characters */ = {
			isa = PBXGroup;
			children = (
				03DA1DDC2C0771C80038A581 /* Player.swift */,
			);
			path = Characters;
			sourceTree = "<group>";
		};
/* End PBXGroup section */

/* Begin PBXNativeTarget section */
		033591272C06FEC300A92660 /* GameJam */ = {
			isa = PBXNativeTarget;
			buildConfigurationList = 0335913F2C06FEC400A92660 /* Build configuration list for PBXNativeTarget "GameJam" */;
			buildPhases = (
				033591242C06FEC300A92660 /* Sources */,
				033591252C06FEC300A92660 /* Frameworks */,
				033591262C06FEC300A92660 /* Resources */,
			);
			buildRules = (
			);
			dependencies = (
			);
			name = GameJam;
			productName = GameJam;
			productReference = 033591282C06FEC300A92660 /* GameJam.app */;
			productType = "com.apple.product-type.application";
		};
/* End PBXNativeTarget section */

/* Begin PBXProject section */
		033591202C06FEC300A92660 /* Project object */ = {
			isa = PBXProject;
			attributes = {
				BuildIndependentTargetsInParallel = 1;
				LastSwiftUpdateCheck = 1540;
				LastUpgradeCheck = 1540;
				TargetAttributes = {
					033591272C06FEC300A92660 = {
						CreatedOnToolsVersion = 15.4;
					};
				};
			};
			buildConfigurationList = 033591232C06FEC300A92660 /* Build configuration list for PBXProject "GameJam" */;
			compatibilityVersion = "Xcode 14.0";
			developmentRegion = en;
			hasScannedForEncodings = 0;
			knownRegions = (
				en,
				Base,
			);
			mainGroup = 0335911F2C06FEC300A92660;
			productRefGroup = 033591292C06FEC300A92660 /* Products */;
			projectDirPath = "";
			projectRoot = "";
			targets = (
				033591272C06FEC300A92660 /* GameJam */,
			);
		};
/* End PBXProject section */

/* Begin PBXResourcesBuildPhase section */
		033591262C06FEC300A92660 /* Resources */ = {
			isa = PBXResourcesBuildPhase;
			buildActionMask = 2147483647;
			files = (
				0335912E2C06FEC300A92660 /* GameScene.sks in Resources */,
				033591372C06FEC300A92660 /* Base in Resources */,
				033591392C06FEC400A92660 /* Assets.xcassets in Resources */,
				033591302C06FEC300A92660 /* Actions.sks in Resources */,
				0335913C2C06FEC400A92660 /* Base in Resources */,
			);
			runOnlyForDeploymentPostprocessing = 0;
		};
/* End PBXResourcesBuildPhase section */

/* Begin PBXSourcesBuildPhase section */
		033591242C06FEC300A92660 /* Sources */ = {
			isa = PBXSourcesBuildPhase;
			buildActionMask = 2147483647;
			files = (
				033591322C06FEC300A92660 /* GameScene.swift in Sources */,
				033591342C06FEC300A92660 /* GameViewController.swift in Sources */,
				0335912C2C06FEC300A92660 /* AppDelegate.swift in Sources */,
				03DA1DDD2C0771C80038A581 /* Player.swift in Sources */,
				03DA1DDA2C07714F0038A581 /* Types.swift in Sources */,
			);
			runOnlyForDeploymentPostprocessing = 0;
		};
/* End PBXSourcesBuildPhase section */

/* Begin PBXVariantGroup section */
		033591352C06FEC300A92660 /* Main.storyboard */ = {
			isa = PBXVariantGroup;
			children = (
				033591362C06FEC300A92660 /* Base */,
			);
			name = Main.storyboard;
			sourceTree = "<group>";
		};
		0335913A2C06FEC400A92660 /* LaunchScreen.storyboard */ = {
			isa = PBXVariantGroup;
			children = (
				0335913B2C06FEC400A92660 /* Base */,
			);
			name = LaunchScreen.storyboard;
			sourceTree = "<group>";
		};
/* End PBXVariantGroup section */

/* Begin XCBuildConfiguration section */
		0335913D2C06FEC400A92660 /* Debug */ = {
			isa = XCBuildConfiguration;
			buildSettings = {
				ALWAYS_SEARCH_USER_PATHS = NO;
				ASSETCATALOG_COMPILER_GENERATE_SWIFT_ASSET_SYMBOL_EXTENSIONS = YES;
				CLANG_ANALYZER_NONNULL = YES;
				CLANG_ANALYZER_NUMBER_OBJECT_CONVERSION = YES_AGGRESSIVE;
				CLANG_CXX_LANGUAGE_STANDARD = "gnu++20";
				CLANG_ENABLE_MODULES = YES;
				CLANG_ENABLE_OBJC_ARC = YES;
				CLANG_ENABLE_OBJC_WEAK = YES;
				CLANG_WARN_BLOCK_CAPTURE_AUTORELEASING = YES;
				CLANG_WARN_BOOL_CONVERSION = YES;
				CLANG_WARN_COMMA = YES;
				CLANG_WARN_CONSTANT_CONVERSION = YES;
				CLANG_WARN_DEPRECATED_OBJC_IMPLEMENTATIONS = YES;
				CLANG_WARN_DIRECT_OBJC_ISA_USAGE = YES_ERROR;
				CLANG_WARN_DOCUMENTATION_COMMENTS = YES;
				CLANG_WARN_EMPTY_BODY = YES;
				CLANG_WARN_ENUM_CONVERSION = YES;
				CLANG_WARN_INFINITE_RECURSION = YES;
				CLANG_WARN_INT_CONVERSION = YES;
				CLANG_WARN_NON_LITERAL_NULL_CONVERSION = YES;
				CLANG_WARN_OBJC_IMPLICIT_RETAIN_SELF = YES;
				CLANG_WARN_OBJC_LITERAL_CONVERSION = YES;
				CLANG_WARN_OBJC_ROOT_CLASS = YES_ERROR;
				CLANG_WARN_QUOTED_INCLUDE_IN_FRAMEWORK_HEADER = YES;
				CLANG_WARN_RANGE_LOOP_ANALYSIS = YES;
				CLANG_WARN_STRICT_PROTOTYPES = YES;
				CLANG_WARN_SUSPICIOUS_MOVE = YES;
				CLANG_WARN_UNGUARDED_AVAILABILITY = YES_AGGRESSIVE;
				CLANG_WARN_UNREACHABLE_CODE = YES;
				CLANG_WARN__DUPLICATE_METHOD_MATCH = YES;
				COPY_PHASE_STRIP = NO;
				DEBUG_INFORMATION_FORMAT = dwarf;
				ENABLE_STRICT_OBJC_MSGSEND = YES;
				ENABLE_TESTABILITY = YES;
				ENABLE_USER_SCRIPT_SANDBOXING = YES;
				GCC_C_LANGUAGE_STANDARD = gnu17;
				GCC_DYNAMIC_NO_PIC = NO;
				GCC_NO_COMMON_BLOCKS = YES;
				GCC_OPTIMIZATION_LEVEL = 0;
				GCC_PREPROCESSOR_DEFINITIONS = (
					"DEBUG=1",
					"$(inherited)",
				);
				GCC_WARN_64_TO_32_BIT_CONVERSION = YES;
				GCC_WARN_ABOUT_RETURN_TYPE = YES_ERROR;
				GCC_WARN_UNDECLARED_SELECTOR = YES;
				GCC_WARN_UNINITIALIZED_AUTOS = YES_AGGRESSIVE;
				GCC_WARN_UNUSED_FUNCTION = YES;
				GCC_WARN_UNUSED_VARIABLE = YES;
				IPHONEOS_DEPLOYMENT_TARGET = 17.5;
				LOCALIZATION_PREFERS_STRING_CATALOGS = YES;
				MTL_ENABLE_DEBUG_INFO = INCLUDE_SOURCE;
				MTL_FAST_MATH = YES;
				ONLY_ACTIVE_ARCH = YES;
				SDKROOT = iphoneos;
				SWIFT_ACTIVE_COMPILATION_CONDITIONS = "DEBUG $(inherited)";
				SWIFT_OPTIMIZATION_LEVEL = "-Onone";
			};
			name = Debug;
		};
		0335913E2C06FEC400A92660 /* Release */ = {
			isa = XCBuildConfiguration;
			buildSettings = {
				ALWAYS_SEARCH_USER_PATHS = NO;
				ASSETCATALOG_COMPILER_GENERATE_SWIFT_ASSET_SYMBOL_EXTENSIONS = YES;
				CLANG_ANALYZER_NONNULL = YES;
				CLANG_ANALYZER_NUMBER_OBJECT_CONVERSION = YES_AGGRESSIVE;
				CLANG_CXX_LANGUAGE_STANDARD = "gnu++20";
				CLANG_ENABLE_MODULES = YES;
				CLANG_ENABLE_OBJC_ARC = YES;
				CLANG_ENABLE_OBJC_WEAK = YES;
				CLANG_WARN_BLOCK_CAPTURE_AUTORELEASING = YES;
				CLANG_WARN_BOOL_CONVERSION = YES;
				CLANG_WARN_COMMA = YES;
				CLANG_WARN_CONSTANT_CONVERSION = YES;
				CLANG_WARN_DEPRECATED_OBJC_IMPLEMENTATIONS = YES;
				CLANG_WARN_DIRECT_OBJC_ISA_USAGE = YES_ERROR;
				CLANG_WARN_DOCUMENTATION_COMMENTS = YES;
				CLANG_WARN_EMPTY_BODY = YES;
				CLANG_WARN_ENUM_CONVERSION = YES;
				CLANG_WARN_INFINITE_RECURSION = YES;
				CLANG_WARN_INT_CONVERSION = YES;
				CLANG_WARN_NON_LITERAL_NULL_CONVERSION = YES;
				CLANG_WARN_OBJC_IMPLICIT_RETAIN_SELF = YES;
				CLANG_WARN_OBJC_LITERAL_CONVERSION = YES;
				CLANG_WARN_OBJC_ROOT_CLASS = YES_ERROR;
				CLANG_WARN_QUOTED_INCLUDE_IN_FRAMEWORK_HEADER = YES;
				CLANG_WARN_RANGE_LOOP_ANALYSIS = YES;
				CLANG_WARN_STRICT_PROTOTYPES = YES;
				CLANG_WARN_SUSPICIOUS_MOVE = YES;
				CLANG_WARN_UNGUARDED_AVAILABILITY = YES_AGGRESSIVE;
				CLANG_WARN_UNREACHABLE_CODE = YES;
				CLANG_WARN__DUPLICATE_METHOD_MATCH = YES;
				COPY_PHASE_STRIP = NO;
				DEBUG_INFORMATION_FORMAT = "dwarf-with-dsym";
				ENABLE_NS_ASSERTIONS = NO;
				ENABLE_STRICT_OBJC_MSGSEND = YES;
				ENABLE_USER_SCRIPT_SANDBOXING = YES;
				GCC_C_LANGUAGE_STANDARD = gnu17;
				GCC_NO_COMMON_BLOCKS = YES;
				GCC_WARN_64_TO_32_BIT_CONVERSION = YES;
				GCC_WARN_ABOUT_RETURN_TYPE = YES_ERROR;
				GCC_WARN_UNDECLARED_SELECTOR = YES;
				GCC_WARN_UNINITIALIZED_AUTOS = YES_AGGRESSIVE;
				GCC_WARN_UNUSED_FUNCTION = YES;
				GCC_WARN_UNUSED_VARIABLE = YES;
				IPHONEOS_DEPLOYMENT_TARGET = 17.5;
				LOCALIZATION_PREFERS_STRING_CATALOGS = YES;
				MTL_ENABLE_DEBUG_INFO = NO;
				MTL_FAST_MATH = YES;
				SDKROOT = iphoneos;
				SWIFT_COMPILATION_MODE = wholemodule;
				VALIDATE_PRODUCT = YES;
			};
			name = Release;
		};
		033591402C06FEC400A92660 /* Debug */ = {
			isa = XCBuildConfiguration;
			buildSettings = {
				ASSETCATALOG_COMPILER_APPICON_NAME = AppIcon;
				ASSETCATALOG_COMPILER_GLOBAL_ACCENT_COLOR_NAME = AccentColor;
				CODE_SIGN_STYLE = Automatic;
				CURRENT_PROJECT_VERSION = 1;
				DEVELOPMENT_TEAM = F44CLK4937;
				GENERATE_INFOPLIST_FILE = YES;
				INFOPLIST_KEY_UIApplicationSupportsIndirectInputEvents = YES;
				INFOPLIST_KEY_UILaunchStoryboardName = LaunchScreen;
				INFOPLIST_KEY_UIMainStoryboardFile = Main;
				INFOPLIST_KEY_UIRequiresFullScreen = YES;
				INFOPLIST_KEY_UIStatusBarHidden = YES;
				INFOPLIST_KEY_UISupportedInterfaceOrientations = "UIInterfaceOrientationLandscapeLeft UIInterfaceOrientationLandscapeRight";
				INFOPLIST_KEY_UISupportedInterfaceOrientations_iPad = "UIInterfaceOrientationLandscapeLeft UIInterfaceOrientationLandscapeRight UIInterfaceOrientationPortrait UIInterfaceOrientationPortraitUpsideDown";
				LD_RUNPATH_SEARCH_PATHS = (
					"$(inherited)",
					"@executable_path/Frameworks",
				);
				MARKETING_VERSION = 1.0;
				PRODUCT_BUNDLE_IDENTIFIER = com.bsnh25.hackGame.GameJam;
				PRODUCT_NAME = "$(TARGET_NAME)";
				SUPPORTED_PLATFORMS = "iphoneos iphonesimulator";
				SUPPORTS_MACCATALYST = NO;
				SUPPORTS_MAC_DESIGNED_FOR_IPHONE_IPAD = NO;
				SUPPORTS_XR_DESIGNED_FOR_IPHONE_IPAD = NO;
				SWIFT_EMIT_LOC_STRINGS = YES;
				SWIFT_VERSION = 5.0;
				TARGETED_DEVICE_FAMILY = 1;
			};
			name = Debug;
		};
		033591412C06FEC400A92660 /* Release */ = {
			isa = XCBuildConfiguration;
			buildSettings = {
				ASSETCATALOG_COMPILER_APPICON_NAME = AppIcon;
				ASSETCATALOG_COMPILER_GLOBAL_ACCENT_COLOR_NAME = AccentColor;
				CODE_SIGN_STYLE = Automatic;
				CURRENT_PROJECT_VERSION = 1;
				DEVELOPMENT_TEAM = F44CLK4937;
				GENERATE_INFOPLIST_FILE = YES;
				INFOPLIST_KEY_UIApplicationSupportsIndirectInputEvents = YES;
				INFOPLIST_KEY_UILaunchStoryboardName = LaunchScreen;
				INFOPLIST_KEY_UIMainStoryboardFile = Main;
				INFOPLIST_KEY_UIRequiresFullScreen = YES;
				INFOPLIST_KEY_UIStatusBarHidden = YES;
				INFOPLIST_KEY_UISupportedInterfaceOrientations = "UIInterfaceOrientationLandscapeLeft UIInterfaceOrientationLandscapeRight";
				INFOPLIST_KEY_UISupportedInterfaceOrientations_iPad = "UIInterfaceOrientationLandscapeLeft UIInterfaceOrientationLandscapeRight UIInterfaceOrientationPortrait UIInterfaceOrientationPortraitUpsideDown";
				LD_RUNPATH_SEARCH_PATHS = (
					"$(inherited)",
					"@executable_path/Frameworks",
				);
				MARKETING_VERSION = 1.0;
				PRODUCT_BUNDLE_IDENTIFIER = com.bsnh25.hackGame.GameJam;
				PRODUCT_NAME = "$(TARGET_NAME)";
				SUPPORTED_PLATFORMS = "iphoneos iphonesimulator";
				SUPPORTS_MACCATALYST = NO;
				SUPPORTS_MAC_DESIGNED_FOR_IPHONE_IPAD = NO;
				SUPPORTS_XR_DESIGNED_FOR_IPHONE_IPAD = NO;
				SWIFT_EMIT_LOC_STRINGS = YES;
				SWIFT_VERSION = 5.0;
				TARGETED_DEVICE_FAMILY = 1;
			};
			name = Release;
		};
/* End XCBuildConfiguration section */

/* Begin XCConfigurationList section */
		033591232C06FEC300A92660 /* Build configuration list for PBXProject "GameJam" */ = {
			isa = XCConfigurationList;
			buildConfigurations = (
				0335913D2C06FEC400A92660 /* Debug */,
				0335913E2C06FEC400A92660 /* Release */,
			);
			defaultConfigurationIsVisible = 0;
			defaultConfigurationName = Release;
		};
		0335913F2C06FEC400A92660 /* Build configuration list for PBXNativeTarget "GameJam" */ = {
			isa = XCConfigurationList;
			buildConfigurations = (
				033591402C06FEC400A92660 /* Debug */,
				033591412C06FEC400A92660 /* Release */,
			);
			defaultConfigurationIsVisible = 0;
			defaultConfigurationName = Release;
		};
/* End XCConfigurationList section */
	};
	rootObject = 033591202C06FEC300A92660 /* Project object */;
}
